# generated by rye
# use `rye lock` or `rye sync` to update this lockfile
#
# last locked with the following flags:
#   pre: false
#   features: []
#   all-features: false
#   with-sources: false
#   generate-hashes: false
#   universal: false

-e file:.
boto3==1.35.57
    # via backend
    # via moto
botocore==1.35.57
    # via boto3
    # via moto
    # via s3transfer
certifi==2024.8.30
    # via requests
cffi==1.17.1
    # via cryptography
charset-normalizer==3.4.0
    # via requests
cryptography==43.0.3
    # via moto
exceptiongroup==1.2.2
    # via pytest
idna==3.10
    # via requests
iniconfig==2.0.0
    # via pytest
jinja2==3.1.4
    # via moto
jmespath==1.0.1
    # via boto3
    # via botocore
markupsafe==2.1.5
    # via jinja2
    # via werkzeug
moto==5.0.20
    # via backend
packaging==24.2
    # via pytest
pluggy==1.5.0
    # via pytest
pycparser==2.22
    # via cffi
pytest==8.3.3
    # via backend
python-dateutil==2.9.0.post0
    # via botocore
    # via moto
pyyaml==6.0.2
    # via responses
requests==2.32.3
    # via moto
    # via responses
responses==0.25.3
    # via moto
s3transfer==0.10.3
    # via boto3
six==1.16.0
    # via python-dateutil
tomli==2.0.2
    # via pytest
urllib3==1.26.20
    # via botocore
    # via requests
    # via responses
werkzeug==3.0.6
    # via moto
xmltodict==0.14.2
    # via moto
