# generated by rye
# use `rye lock` or `rye sync` to update this lockfile
#
# last locked with the following flags:
#   pre: false
#   features: []
#   all-features: false
#   with-sources: false
#   generate-hashes: false
#   universal: false

-e file:.
boto3==1.35.57
    # via backend
botocore==1.35.57
    # via boto3
    # via s3transfer
exceptiongroup==1.2.2
    # via pytest
iniconfig==2.0.0
    # via pytest
jmespath==1.0.1
    # via boto3
    # via botocore
packaging==24.2
    # via pytest
pluggy==1.5.0
    # via pytest
pytest==8.3.3
    # via backend
python-dateutil==2.9.0.post0
    # via botocore
s3transfer==0.10.3
    # via boto3
six==1.16.0
    # via python-dateutil
tomli==2.0.2
    # via pytest
urllib3==1.26.20
    # via botocore
